// !$*UTF8*$!
{
	archiveVersion = 1;
	classes = {
	};
	objectVersion = 46;
	objects = {

/* Begin PBXBuildFile section */
		F083C32D1C9BB0780088E31D /* AppDelegate.swift in Sources */ = {isa = PBXBuildFile; fileRef = F083C32C1C9BB0780088E31D /* AppDelegate.swift */; };
		F083C32F1C9BB0780088E31D /* ViewController.swift in Sources */ = {isa = PBXBuildFile; fileRef = F083C32E1C9BB0780088E31D /* ViewController.swift */; };
		F083C3321C9BB0780088E31D /* Main.storyboard in Resources */ = {isa = PBXBuildFile; fileRef = F083C3301C9BB0780088E31D /* Main.storyboard */; };
		F083C3341C9BB0780088E31D /* Assets.xcassets in Resources */ = {isa = PBXBuildFile; fileRef = F083C3331C9BB0780088E31D /* Assets.xcassets */; };
		F083C3371C9BB0780088E31D /* LaunchScreen.storyboard in Resources */ = {isa = PBXBuildFile; fileRef = F083C3351C9BB0780088E31D /* LaunchScreen.storyboard */; };
		F083C3421C9BB0790088E31D /* Affine_CipherTests.swift in Sources */ = {isa = PBXBuildFile; fileRef = F083C3411C9BB0790088E31D /* Affine_CipherTests.swift */; };
		F083C34D1C9BB0790088E31D /* Affine_CipherUITests.swift in Sources */ = {isa = PBXBuildFile; fileRef = F083C34C1C9BB0790088E31D /* Affine_CipherUITests.swift */; };
/* End PBXBuildFile section */

/* Begin PBXContainerItemProxy section */
		F083C33E1C9BB0790088E31D /* PBXContainerItemProxy */ = {
			isa = PBXContainerItemProxy;
			containerPortal = F083C3211C9BB0770088E31D /* Project object */;
			proxyType = 1;
			remoteGlobalIDString = F083C3281C9BB0780088E31D;
			remoteInfo = "Affine Cipher";
		};
		F083C3491C9BB0790088E31D /* PBXContainerItemProxy */ = {
			isa = PBXContainerItemProxy;
			containerPortal = F083C3211C9BB0770088E31D /* Project object */;
			proxyType = 1;
			remoteGlobalIDString = F083C3281C9BB0780088E31D;
			remoteInfo = "Affine Cipher";
		};
/* End PBXContainerItemProxy section */

/* Begin PBXFileReference section */
		F083C3291C9BB0780088E31D /* Affine Cipher.app */ = {isa = PBXFileReference; explicitFileType = wrapper.application; includeInIndex = 0; path = "Affine Cipher.app"; sourceTree = BUILT_PRODUCTS_DIR; };
		F083C32C1C9BB0780088E31D /* AppDelegate.swift */ = {isa = PBXFileReference; lastKnownFileType = sourcecode.swift; path = AppDelegate.swift; sourceTree = "<group>"; };
		F083C32E1C9BB0780088E31D /* ViewController.swift */ = {isa = PBXFileReference; lastKnownFileType = sourcecode.swift; path = ViewController.swift; sourceTree = "<group>"; };
		F083C3311C9BB0780088E31D /* Base */ = {isa = PBXFileReference; lastKnownFileType = file.storyboard; name = Base; path = Base.lproj/Main.storyboard; sourceTree = "<group>"; };
		F083C3331C9BB0780088E31D /* Assets.xcassets */ = {isa = PBXFileReference; lastKnownFileType = folder.assetcatalog; path = Assets.xcassets; sourceTree = "<group>"; };
		F083C3361C9BB0780088E31D /* Base */ = {isa = PBXFileReference; lastKnownFileType = file.storyboard; name = Base; path = Base.lproj/LaunchScreen.storyboard; sourceTree = "<group>"; };
		F083C3381C9BB0780088E31D /* Info.plist */ = {isa = PBXFileReference; lastKnownFileType = text.plist.xml; path = Info.plist; sourceTree = "<group>"; };
		F083C33D1C9BB0790088E31D /* Affine CipherTests.xctest */ = {isa = PBXFileReference; explicitFileType = wrapper.cfbundle; includeInIndex = 0; path = "Affine CipherTests.xctest"; sourceTree = BUILT_PRODUCTS_DIR; };
		F083C3411C9BB0790088E31D /* Affine_CipherTests.swift */ = {isa = PBXFileReference; lastKnownFileType = sourcecode.swift; path = Affine_CipherTests.swift; sourceTree = "<group>"; };
		F083C3431C9BB0790088E31D /* Info.plist */ = {isa = PBXFileReference; lastKnownFileType = text.plist.xml; path = Info.plist; sourceTree = "<group>"; };
		F083C3481C9BB0790088E31D /* Affine CipherUITests.xctest */ = {isa = PBXFileReference; explicitFileType = wrapper.cfbundle; includeInIndex = 0; path = "Affine CipherUITests.xctest"; sourceTree = BUILT_PRODUCTS_DIR; };
		F083C34C1C9BB0790088E31D /* Affine_CipherUITests.swift */ = {isa = PBXFileReference; lastKnownFileType = sourcecode.swift; path = Affine_CipherUITests.swift; sourceTree = "<group>"; };
		F083C34E1C9BB0790088E31D /* Info.plist */ = {isa = PBXFileReference; lastKnownFileType = text.plist.xml; path = Info.plist; sourceTree = "<group>"; };
/* End PBXFileReference section */

/* Begin PBXFrameworksBuildPhase section */
		F083C3261C9BB0780088E31D /* Frameworks */ = {
			isa = PBXFrameworksBuildPhase;
			buildActionMask = 2147483647;
			files = (
			);
			runOnlyForDeploymentPostprocessing = 0;
		};
		F083C33A1C9BB0790088E31D /* Frameworks */ = {
			isa = PBXFrameworksBuildPhase;
			buildActionMask = 2147483647;
			files = (
			);
			runOnlyForDeploymentPostprocessing = 0;
		};
		F083C3451C9BB0790088E31D /* Frameworks */ = {
			isa = PBXFrameworksBuildPhase;
			buildActionMask = 2147483647;
			files = (
			);
			runOnlyForDeploymentPostprocessing = 0;
		};
/* End PBXFrameworksBuildPhase section */

/* Begin PBXGroup section */
		F083C3201C9BB0770088E31D = {
			isa = PBXGroup;
			children = (
				F083C32B1C9BB0780088E31D /* Affine Cipher */,
				F083C3401C9BB0790088E31D /* Affine CipherTests */,
				F083C34B1C9BB0790088E31D /* Affine CipherUITests */,
				F083C32A1C9BB0780088E31D /* Products */,
			);
			sourceTree = "<group>";
		};
		F083C32A1C9BB0780088E31D /* Products */ = {
			isa = PBXGroup;
			children = (
				F083C3291C9BB0780088E31D /* Affine Cipher.app */,
				F083C33D1C9BB0790088E31D /* Affine CipherTests.xctest */,
				F083C3481C9BB0790088E31D /* Affine CipherUITests.xctest */,
			);
			name = Products;
			sourceTree = "<group>";
		};
		F083C32B1C9BB0780088E31D /* Affine Cipher */ = {
			isa = PBXGroup;
			children = (
				F083C32C1C9BB0780088E31D /* AppDelegate.swift */,
				F083C32E1C9BB0780088E31D /* ViewController.swift */,
				F083C3301C9BB0780088E31D /* Main.storyboard */,
				F083C3331C9BB0780088E31D /* Assets.xcassets */,
				F083C3351C9BB0780088E31D /* LaunchScreen.storyboard */,
				F083C3381C9BB0780088E31D /* Info.plist */,
			);
			path = "Affine Cipher";
			sourceTree = "<group>";
		};
		F083C3401C9BB0790088E31D /* Affine CipherTests */ = {
			isa = PBXGroup;
			children = (
				F083C3411C9BB0790088E31D /* Affine_CipherTests.swift */,
				F083C3431C9BB0790088E31D /* Info.plist */,
			);
			path = "Affine CipherTests";
			sourceTree = "<group>";
		};
		F083C34B1C9BB0790088E31D /* Affine CipherUITests */ = {
			isa = PBXGroup;
			children = (
				F083C34C1C9BB0790088E31D /* Affine_CipherUITests.swift */,
				F083C34E1C9BB0790088E31D /* Info.plist */,
			);
			path = "Affine CipherUITests";
			sourceTree = "<group>";
		};
/* End PBXGroup section */

/* Begin PBXNativeTarget section */
		F083C3281C9BB0780088E31D /* Affine Cipher */ = {
			isa = PBXNativeTarget;
			buildConfigurationList = F083C3511C9BB0790088E31D /* Build configuration list for PBXNativeTarget "Affine Cipher" */;
			buildPhases = (
				F083C3251C9BB0780088E31D /* Sources */,
				F083C3261C9BB0780088E31D /* Frameworks */,
				F083C3271C9BB0780088E31D /* Resources */,
			);
			buildRules = (
			);
			dependencies = (
			);
			name = "Affine Cipher";
			productName = "Affine Cipher";
			productReference = F083C3291C9BB0780088E31D /* Affine Cipher.app */;
			productType = "com.apple.product-type.application";
		};
		F083C33C1C9BB0790088E31D /* Affine CipherTests */ = {
			isa = PBXNativeTarget;
			buildConfigurationList = F083C3541C9BB0790088E31D /* Build configuration list for PBXNativeTarget "Affine CipherTests" */;
			buildPhases = (
				F083C3391C9BB0790088E31D /* Sources */,
				F083C33A1C9BB0790088E31D /* Frameworks */,
				F083C33B1C9BB0790088E31D /* Resources */,
			);
			buildRules = (
			);
			dependencies = (
				F083C33F1C9BB0790088E31D /* PBXTargetDependency */,
			);
			name = "Affine CipherTests";
			productName = "Affine CipherTests";
			productReference = F083C33D1C9BB0790088E31D /* Affine CipherTests.xctest */;
			productType = "com.apple.product-type.bundle.unit-test";
		};
		F083C3471C9BB0790088E31D /* Affine CipherUITests */ = {
			isa = PBXNativeTarget;
			buildConfigurationList = F083C3571C9BB0790088E31D /* Build configuration list for PBXNativeTarget "Affine CipherUITests" */;
			buildPhases = (
				F083C3441C9BB0790088E31D /* Sources */,
				F083C3451C9BB0790088E31D /* Frameworks */,
				F083C3461C9BB0790088E31D /* Resources */,
			);
			buildRules = (
			);
			dependencies = (
				F083C34A1C9BB0790088E31D /* PBXTargetDependency */,
			);
			name = "Affine CipherUITests";
			productName = "Affine CipherUITests";
			productReference = F083C3481C9BB0790088E31D /* Affine CipherUITests.xctest */;
			productType = "com.apple.product-type.bundle.ui-testing";
		};
/* End PBXNativeTarget section */

/* Begin PBXProject section */
		F083C3211C9BB0770088E31D /* Project object */ = {
			isa = PBXProject;
			attributes = {
				LastSwiftUpdateCheck = 0710;
				LastUpgradeCheck = 0710;
				ORGANIZATIONNAME = "Sarah Sahibzada";
				TargetAttributes = {
					F083C3281C9BB0780088E31D = {
						CreatedOnToolsVersion = 7.1.1;
						DevelopmentTeam = AV3F49VVN6;
					};
					F083C33C1C9BB0790088E31D = {
						CreatedOnToolsVersion = 7.1.1;
						DevelopmentTeam = AV3F49VVN6;
						TestTargetID = F083C3281C9BB0780088E31D;
					};
					F083C3471C9BB0790088E31D = {
						CreatedOnToolsVersion = 7.1.1;
						DevelopmentTeam = AV3F49VVN6;
						TestTargetID = F083C3281C9BB0780088E31D;
					};
				};
			};
			buildConfigurationList = F083C3241C9BB0770088E31D /* Build configuration list for PBXProject "Affine Cipher" */;
			compatibilityVersion = "Xcode 3.2";
			developmentRegion = English;
			hasScannedForEncodings = 0;
			knownRegions = (
				en,
				Base,
			);
			mainGroup = F083C3201C9BB0770088E31D;
			productRefGroup = F083C32A1C9BB0780088E31D /* Products */;
			projectDirPath = "";
			projectRoot = "";
			targets = (
				F083C3281C9BB0780088E31D /* Affine Cipher */,
				F083C33C1C9BB0790088E31D /* Affine CipherTests */,
				F083C3471C9BB0790088E31D /* Affine CipherUITests */,
			);
		};
/* End PBXProject section */

/* Begin PBXResourcesBuildPhase section */
		F083C3271C9BB0780088E31D /* Resources */ = {
			isa = PBXResourcesBuildPhase;
			buildActionMask = 2147483647;
			files = (
				F083C3371C9BB0780088E31D /* LaunchScreen.storyboard in Resources */,
				F083C3341C9BB0780088E31D /* Assets.xcassets in Resources */,
				F083C3321C9BB0780088E31D /* Main.storyboard in Resources */,
			);
			runOnlyForDeploymentPostprocessing = 0;
		};
		F083C33B1C9BB0790088E31D /* Resources */ = {
			isa = PBXResourcesBuildPhase;
			buildActionMask = 2147483647;
			files = (
			);
			runOnlyForDeploymentPostprocessing = 0;
		};
		F083C3461C9BB0790088E31D /* Resources */ = {
			isa = PBXResourcesBuildPhase;
			buildActionMask = 2147483647;
			files = (
			);
			runOnlyForDeploymentPostprocessing = 0;
		};
/* End PBXResourcesBuildPhase section */

/* Begin PBXSourcesBuildPhase section */
		F083C3251C9BB0780088E31D /* Sources */ = {
			isa = PBXSourcesBuildPhase;
			buildActionMask = 2147483647;
			files = (
				F083C32F1C9BB0780088E31D /* ViewController.swift in Sources */,
				F083C32D1C9BB0780088E31D /* AppDelegate.swift in Sources */,
			);
			runOnlyForDeploymentPostprocessing = 0;
		};
		F083C3391C9BB0790088E31D /* Sources */ = {
			isa = PBXSourcesBuildPhase;
			buildActionMask = 2147483647;
			files = (
				F083C3421C9BB0790088E31D /* Affine_CipherTests.swift in Sources */,
			);
			runOnlyForDeploymentPostprocessing = 0;
		};
		F083C3441C9BB0790088E31D /* Sources */ = {
			isa = PBXSourcesBuildPhase;
			buildActionMask = 2147483647;
			files = (
				F083C34D1C9BB0790088E31D /* Affine_CipherUITests.swift in Sources */,
			);
			runOnlyForDeploymentPostprocessing = 0;
		};
/* End PBXSourcesBuildPhase section */

/* Begin PBXTargetDependency section */
		F083C33F1C9BB0790088E31D /* PBXTargetDependency */ = {
			isa = PBXTargetDependency;
			target = F083C3281C9BB0780088E31D /* Affine Cipher */;
			targetProxy = F083C33E1C9BB0790088E31D /* PBXContainerItemProxy */;
		};
		F083C34A1C9BB0790088E31D /* PBXTargetDependency */ = {
			isa = PBXTargetDependency;
			target = F083C3281C9BB0780088E31D /* Affine Cipher */;
			targetProxy = F083C3491C9BB0790088E31D /* PBXContainerItemProxy */;
		};
/* End PBXTargetDependency section */

/* Begin PBXVariantGroup section */
		F083C3301C9BB0780088E31D /* Main.storyboard */ = {
			isa = PBXVariantGroup;
			children = (
				F083C3311C9BB0780088E31D /* Base */,
			);
			name = Main.storyboard;
			sourceTree = "<group>";
		};
		F083C3351C9BB0780088E31D /* LaunchScreen.storyboard */ = {
			isa = PBXVariantGroup;
			children = (
				F083C3361C9BB0780088E31D /* Base */,
			);
			name = LaunchScreen.storyboard;
			sourceTree = "<group>";
		};
/* End PBXVariantGroup section */

/* Begin XCBuildConfiguration section */
		F083C34F1C9BB0790088E31D /* Debug */ = {
			isa = XCBuildConfiguration;
			buildSettings = {
				ALWAYS_SEARCH_USER_PATHS = NO;
				CLANG_CXX_LANGUAGE_STANDARD = "gnu++0x";
				CLANG_CXX_LIBRARY = "libc++";
				CLANG_ENABLE_MODULES = YES;
				CLANG_ENABLE_OBJC_ARC = YES;
				CLANG_WARN_BOOL_CONVERSION = YES;
				CLANG_WARN_CONSTANT_CONVERSION = YES;
				CLANG_WARN_DIRECT_OBJC_ISA_USAGE = YES_ERROR;
				CLANG_WARN_EMPTY_BODY = YES;
				CLANG_WARN_ENUM_CONVERSION = YES;
				CLANG_WARN_INT_CONVERSION = YES;
				CLANG_WARN_OBJC_ROOT_CLASS = YES_ERROR;
				CLANG_WARN_UNREACHABLE_CODE = YES;
				CLANG_WARN__DUPLICATE_METHOD_MATCH = YES;
				"CODE_SIGN_IDENTITY[sdk=iphoneos*]" = "iPhone Developer";
				COPY_PHASE_STRIP = NO;
				DEBUG_INFORMATION_FORMAT = dwarf;
				ENABLE_STRICT_OBJC_MSGSEND = YES;
				ENABLE_TESTABILITY = YES;
				GCC_C_LANGUAGE_STANDARD = gnu99;
				GCC_DYNAMIC_NO_PIC = NO;
				GCC_NO_COMMON_BLOCKS = YES;
				GCC_OPTIMIZATION_LEVEL = 0;
				GCC_PREPROCESSOR_DEFINITIONS = (
					"DEBUG=1",
					"$(inherited)",
				);
				GCC_WARN_64_TO_32_BIT_CONVERSION = YES;
				GCC_WARN_ABOUT_RETURN_TYPE = YES_ERROR;
				GCC_WARN_UNDECLARED_SELECTOR = YES;
				GCC_WARN_UNINITIALIZED_AUTOS = YES_AGGRESSIVE;
				GCC_WARN_UNUSED_FUNCTION = YES;
				GCC_WARN_UNUSED_VARIABLE = YES;
				IPHONEOS_DEPLOYMENT_TARGET = 9.1;
				MTL_ENABLE_DEBUG_INFO = YES;
				ONLY_ACTIVE_ARCH = YES;
				SDKROOT = iphoneos;
				SWIFT_OPTIMIZATION_LEVEL = "-Onone";
			};
			name = Debug;
		};
		F083C3501C9BB0790088E31D /* Release */ = {
			isa = XCBuildConfiguration;
			buildSettings = {
				ALWAYS_SEARCH_USER_PATHS = NO;
				CLANG_CXX_LANGUAGE_STANDARD = "gnu++0x";
				CLANG_CXX_LIBRARY = "libc++";
				CLANG_ENABLE_MODULES = YES;
				CLANG_ENABLE_OBJC_ARC = YES;
				CLANG_WARN_BOOL_CONVERSION = YES;
				CLANG_WARN_CONSTANT_CONVERSION = YES;
				CLANG_WARN_DIRECT_OBJC_ISA_USAGE = YES_ERROR;
				CLANG_WARN_EMPTY_BODY = YES;
				CLANG_WARN_ENUM_CONVERSION = YES;
				CLANG_WARN_INT_CONVERSION = YES;
				CLANG_WARN_OBJC_ROOT_CLASS = YES_ERROR;
				CLANG_WARN_UNREACHABLE_CODE = YES;
				CLANG_WARN__DUPLICATE_METHOD_MATCH = YES;
				"CODE_SIGN_IDENTITY[sdk=iphoneos*]" = "iPhone Developer";
				COPY_PHASE_STRIP = NO;
				DEBUG_INFORMATION_FORMAT = "dwarf-with-dsym";
				ENABLE_NS_ASSERTIONS = NO;
				ENABLE_STRICT_OBJC_MSGSEND = YES;
				GCC_C_LANGUAGE_STANDARD = gnu99;
				GCC_NO_COMMON_BLOCKS = YES;
				GCC_WARN_64_TO_32_BIT_CONVERSION = YES;
				GCC_WARN_ABOUT_RETURN_TYPE = YES_ERROR;
				GCC_WARN_UNDECLARED_SELECTOR = YES;
				GCC_WARN_UNINITIALIZED_AUTOS = YES_AGGRESSIVE;
				GCC_WARN_UNUSED_FUNCTION = YES;
				GCC_WARN_UNUSED_VARIABLE = YES;
				IPHONEOS_DEPLOYMENT_TARGET = 9.1;
				MTL_ENABLE_DEBUG_INFO = NO;
				SDKROOT = iphoneos;
				VALIDATE_PRODUCT = YES;
			};
			name = Release;
		};
		F083C3521C9BB0790088E31D /* Debug */ = {
			isa = XCBuildConfiguration;
			buildSettings = {
				ASSETCATALOG_COMPILER_APPICON_NAME = AppIcon;
				INFOPLIST_FILE = "Affine Cipher/Info.plist";
				LD_RUNPATH_SEARCH_PATHS = "$(inherited) @executable_path/Frameworks";
				PRODUCT_BUNDLE_IDENTIFIER = "SarahSahibzada.Affine-Cipher";
				PRODUCT_NAME = "$(TARGET_NAME)";
			};
			name = Debug;
		};
		F083C3531C9BB0790088E31D /* Release */ = {
			isa = XCBuildConfiguration;
			buildSettings = {
				ASSETCATALOG_COMPILER_APPICON_NAME = AppIcon;
				INFOPLIST_FILE = "Affine Cipher/Info.plist";
				LD_RUNPATH_SEARCH_PATHS = "$(inherited) @executable_path/Frameworks";
				PRODUCT_BUNDLE_IDENTIFIER = "SarahSahibzada.Affine-Cipher";
				PRODUCT_NAME = "$(TARGET_NAME)";
			};
			name = Release;
		};
		F083C3551C9BB0790088E31D /* Debug */ = {
			isa = XCBuildConfiguration;
			buildSettings = {
				BUNDLE_LOADER = "$(TEST_HOST)";
				INFOPLIST_FILE = "Affine CipherTests/Info.plist";
				LD_RUNPATH_SEARCH_PATHS = "$(inherited) @executable_path/Frameworks @loader_path/Frameworks";
				PRODUCT_BUNDLE_IDENTIFIER = "SarahSahibzada.Affine-CipherTests";
				PRODUCT_NAME = "$(TARGET_NAME)";
				TEST_HOST = "$(BUILT_PRODUCTS_DIR)/Affine Cipher.app/Affine Cipher";
			};
			name = Debug;
		};
		F083C3561C9BB0790088E31D /* Release */ = {
			isa = XCBuildConfiguration;
			buildSettings = {
				BUNDLE_LOADER = "$(TEST_HOST)";
				INFOPLIST_FILE = "Affine CipherTests/Info.plist";
				LD_RUNPATH_SEARCH_PATHS = "$(inherited) @executable_path/Frameworks @loader_path/Frameworks";
				PRODUCT_BUNDLE_IDENTIFIER = "SarahSahibzada.Affine-CipherTests";
				PRODUCT_NAME = "$(TARGET_NAME)";
				TEST_HOST = "$(BUILT_PRODUCTS_DIR)/Affine Cipher.app/Affine Cipher";
			};
			name = Release;
		};
		F083C3581C9BB0790088E31D /* Debug */ = {
			isa = XCBuildConfiguration;
			buildSettings = {
				INFOPLIST_FILE = "Affine CipherUITests/Info.plist";
				LD_RUNPATH_SEARCH_PATHS = "$(inherited) @executable_path/Frameworks @loader_path/Frameworks";
				PRODUCT_BUNDLE_IDENTIFIER = "SarahSahibzada.Affine-CipherUITests";
				PRODUCT_NAME = "$(TARGET_NAME)";
				TEST_TARGET_NAME = "Affine Cipher";
				USES_XCTRUNNER = YES;
			};
			name = Debug;
		};
		F083C3591C9BB0790088E31D /* Release */ = {
			isa = XCBuildConfiguration;
			buildSettings = {
				INFOPLIST_FILE = "Affine CipherUITests/Info.plist";
				LD_RUNPATH_SEARCH_PATHS = "$(inherited) @executable_path/Frameworks @loader_path/Frameworks";
				PRODUCT_BUNDLE_IDENTIFIER = "SarahSahibzada.Affine-CipherUITests";
				PRODUCT_NAME = "$(TARGET_NAME)";
				TEST_TARGET_NAME = "Affine Cipher";
				USES_XCTRUNNER = YES;
			};
			name = Release;
		};
/* End XCBuildConfiguration section */

/* Begin XCConfigurationList section */
		F083C3241C9BB0770088E31D /* Build configuration list for PBXProject "Affine Cipher" */ = {
			isa = XCConfigurationList;
			buildConfigurations = (
				F083C34F1C9BB0790088E31D /* Debug */,
				F083C3501C9BB0790088E31D /* Release */,
			);
			defaultConfigurationIsVisible = 0;
			defaultConfigurationName = Release;
		};
		F083C3511C9BB0790088E31D /* Build configuration list for PBXNativeTarget "Affine Cipher" */ = {
			isa = XCConfigurationList;
			buildConfigurations = (
				F083C3521C9BB0790088E31D /* Debug */,
				F083C3531C9BB0790088E31D /* Release */,
			);
			defaultConfigurationIsVisible = 0;
			defaultConfigurationName = Release;
		};
		F083C3541C9BB0790088E31D /* Build configuration list for PBXNativeTarget "Affine CipherTests" */ = {
			isa = XCConfigurationList;
			buildConfigurations = (
				F083C3551C9BB0790088E31D /* Debug */,
				F083C3561C9BB0790088E31D /* Release */,
			);
			defaultConfigurationIsVisible = 0;
			defaultConfigurationName = Release;
		};
		F083C3571C9BB0790088E31D /* Build configuration list for PBXNativeTarget "Affine CipherUITests" */ = {
			isa = XCConfigurationList;
			buildConfigurations = (
				F083C3581C9BB0790088E31D /* Debug */,
				F083C3591C9BB0790088E31D /* Release */,
			);
			defaultConfigurationIsVisible = 0;
			defaultConfigurationName = Release;
		};
/* End XCConfigurationList section */
	};
	rootObject = F083C3211C9BB0770088E31D /* Project object */;
}
